
Microsoft Visual Studio Solution File, Format Version 12.00
# Visual Studio Version 17
VisualStudioVersion = 17.8.34330.188
MinimumVisualStudioVersion = 10.0.40219.1
Project("{9A19103F-16F7-4668-BE54-9A1E7A4F7556}") = "TaskList", "src\API\TaskList\TaskList.csproj", "{70A82E12-D2D2-497F-A29B-47870AEEB273}"
EndProject
Project("{2150E333-8FDC-42A3-9474-1A3956D46DE8}") = "src", "src", "{7A087A3F-74A3-4179-9AC1-9745FCF54DA6}"
EndProject
Project("{2150E333-8FDC-42A3-9474-1A3956D46DE8}") = "AUTH", "AUTH", "{B6ADD3C0-CE30-4612-939A-E91B35E4F280}"
EndProject
Project("{2150E333-8FDC-42A3-9474-1A3956D46DE8}") = "API", "API", "{9B11156E-716A-4368-8EBE-33966AD82DCF}"
EndProject
Project("{9A19103F-16F7-4668-BE54-9A1E7A4F7556}") = "TaskList.Authentication", "src\AUTH\TaskList.Authentication\TaskList.Authentication.csproj", "{7460EBD2-C13C-476D-925C-53E7076B118D}"
EndProject
Project("{2150E333-8FDC-42A3-9474-1A3956D46DE8}") = "Infrastructure", "Infrastructure", "{E19FD209-020C-4EBF-A115-751D3909454B}"
EndProject
Project("{FAE04EC0-301F-11D3-BF4B-00C04F79EFBC}") = "TaskList.Infrastructure", "src\API\Infrastructure\TaskList.Infrastructure\TaskList.Infrastructure.csproj", "{15DFF772-53B5-493E-A957-1756749BBBB8}"
EndProject
Project("{FAE04EC0-301F-11D3-BF4B-00C04F79EFBC}") = "TaskList.Infrastructure.PostgreSql", "src\API\Infrastructure\TaskList.Infrastructure.PostgreSql\TaskList.Infrastructure.PostgreSql.csproj", "{E9FE6A92-B951-4FBF-9233-293289A666B2}"
EndProject
Project("{FAE04EC0-301F-11D3-BF4B-00C04F79EFBC}") = "TaskList.Infrastructure.Repositories", "src\API\Infrastructure\TaskList.Infrastructure.Repositories\TaskList.Infrastructure.Repositories.csproj", "{B3A6B8A1-975D-4AE9-B9A2-A2DD023C5B9C}"
EndProject
Project("{2150E333-8FDC-42A3-9474-1A3956D46DE8}") = "Domain", "Domain", "{1D18EB1B-7247-45DA-A05D-DE70FB3C386B}"
EndProject
Project("{FAE04EC0-301F-11D3-BF4B-00C04F79EFBC}") = "TaskList.Domain", "src\API\Domain\TaskList.Domain\TaskList.Domain.csproj", "{736A25F1-9122-428D-BC4F-1F59108FC2F1}"
EndProject
Project("{2150E333-8FDC-42A3-9474-1A3956D46DE8}") = "Application", "Application", "{3B21FA02-626B-4081-ADC6-65ACE749CEC6}"
EndProject
Project("{FAE04EC0-301F-11D3-BF4B-00C04F79EFBC}") = "TaskList.Application", "src\API\Application\TaskList.Application\TaskList.Application.csproj", "{F3BB6FA7-BEBA-4EA6-9E17-679B40A8D3DB}"
EndProject
Project("{FAE04EC0-301F-11D3-BF4B-00C04F79EFBC}") = "TaskList.Application.Mapping", "src\API\Application\TaskList.Application.Mapping\TaskList.Application.Mapping.csproj", "{64F7C86C-4A7B-4C88-92BB-0015418CD34A}"
EndProject
Project("{FAE04EC0-301F-11D3-BF4B-00C04F79EFBC}") = "TaskList.Application.Repositories", "src\API\Application\TaskList.Application.Repositories\TaskList.Application.Repositories.csproj", "{BE319CF8-38EB-4C52-BB15-CE0C7458F92F}"
EndProject
Global
	GlobalSection(SolutionConfigurationPlatforms) = preSolution
		Debug|Any CPU = Debug|Any CPU
		Release|Any CPU = Release|Any CPU
	EndGlobalSection
	GlobalSection(ProjectConfigurationPlatforms) = postSolution
		{70A82E12-D2D2-497F-A29B-47870AEEB273}.Debug|Any CPU.ActiveCfg = Debug|Any CPU
		{70A82E12-D2D2-497F-A29B-47870AEEB273}.Debug|Any CPU.Build.0 = Debug|Any CPU
		{70A82E12-D2D2-497F-A29B-47870AEEB273}.Release|Any CPU.ActiveCfg = Release|Any CPU
		{70A82E12-D2D2-497F-A29B-47870AEEB273}.Release|Any CPU.Build.0 = Release|Any CPU
		{7460EBD2-C13C-476D-925C-53E7076B118D}.Debug|Any CPU.ActiveCfg = Debug|Any CPU
		{7460EBD2-C13C-476D-925C-53E7076B118D}.Debug|Any CPU.Build.0 = Debug|Any CPU
		{7460EBD2-C13C-476D-925C-53E7076B118D}.Release|Any CPU.ActiveCfg = Release|Any CPU
		{7460EBD2-C13C-476D-925C-53E7076B118D}.Release|Any CPU.Build.0 = Release|Any CPU
		{15DFF772-53B5-493E-A957-1756749BBBB8}.Debug|Any CPU.ActiveCfg = Debug|Any CPU
		{15DFF772-53B5-493E-A957-1756749BBBB8}.Debug|Any CPU.Build.0 = Debug|Any CPU
		{15DFF772-53B5-493E-A957-1756749BBBB8}.Release|Any CPU.ActiveCfg = Release|Any CPU
		{15DFF772-53B5-493E-A957-1756749BBBB8}.Release|Any CPU.Build.0 = Release|Any CPU
		{E9FE6A92-B951-4FBF-9233-293289A666B2}.Debug|Any CPU.ActiveCfg = Debug|Any CPU
		{E9FE6A92-B951-4FBF-9233-293289A666B2}.Debug|Any CPU.Build.0 = Debug|Any CPU
		{E9FE6A92-B951-4FBF-9233-293289A666B2}.Release|Any CPU.ActiveCfg = Release|Any CPU
		{E9FE6A92-B951-4FBF-9233-293289A666B2}.Release|Any CPU.Build.0 = Release|Any CPU
		{B3A6B8A1-975D-4AE9-B9A2-A2DD023C5B9C}.Debug|Any CPU.ActiveCfg = Debug|Any CPU
		{B3A6B8A1-975D-4AE9-B9A2-A2DD023C5B9C}.Debug|Any CPU.Build.0 = Debug|Any CPU
		{B3A6B8A1-975D-4AE9-B9A2-A2DD023C5B9C}.Release|Any CPU.ActiveCfg = Release|Any CPU
		{B3A6B8A1-975D-4AE9-B9A2-A2DD023C5B9C}.Release|Any CPU.Build.0 = Release|Any CPU
		{736A25F1-9122-428D-BC4F-1F59108FC2F1}.Debug|Any CPU.ActiveCfg = Debug|Any CPU
		{736A25F1-9122-428D-BC4F-1F59108FC2F1}.Debug|Any CPU.Build.0 = Debug|Any CPU
		{736A25F1-9122-428D-BC4F-1F59108FC2F1}.Release|Any CPU.ActiveCfg = Release|Any CPU
		{736A25F1-9122-428D-BC4F-1F59108FC2F1}.Release|Any CPU.Build.0 = Release|Any CPU
		{F3BB6FA7-BEBA-4EA6-9E17-679B40A8D3DB}.Debug|Any CPU.ActiveCfg = Debug|Any CPU
		{F3BB6FA7-BEBA-4EA6-9E17-679B40A8D3DB}.Debug|Any CPU.Build.0 = Debug|Any CPU
		{F3BB6FA7-BEBA-4EA6-9E17-679B40A8D3DB}.Release|Any CPU.ActiveCfg = Release|Any CPU
		{F3BB6FA7-BEBA-4EA6-9E17-679B40A8D3DB}.Release|Any CPU.Build.0 = Release|Any CPU
		{64F7C86C-4A7B-4C88-92BB-0015418CD34A}.Debug|Any CPU.ActiveCfg = Debug|Any CPU
		{64F7C86C-4A7B-4C88-92BB-0015418CD34A}.Debug|Any CPU.Build.0 = Debug|Any CPU
		{64F7C86C-4A7B-4C88-92BB-0015418CD34A}.Release|Any CPU.ActiveCfg = Release|Any CPU
		{64F7C86C-4A7B-4C88-92BB-0015418CD34A}.Release|Any CPU.Build.0 = Release|Any CPU
		{BE319CF8-38EB-4C52-BB15-CE0C7458F92F}.Debug|Any CPU.ActiveCfg = Debug|Any CPU
		{BE319CF8-38EB-4C52-BB15-CE0C7458F92F}.Debug|Any CPU.Build.0 = Debug|Any CPU
		{BE319CF8-38EB-4C52-BB15-CE0C7458F92F}.Release|Any CPU.ActiveCfg = Release|Any CPU
		{BE319CF8-38EB-4C52-BB15-CE0C7458F92F}.Release|Any CPU.Build.0 = Release|Any CPU
	EndGlobalSection
	GlobalSection(SolutionProperties) = preSolution
		HideSolutionNode = FALSE
	EndGlobalSection
	GlobalSection(NestedProjects) = preSolution
		{70A82E12-D2D2-497F-A29B-47870AEEB273} = {9B11156E-716A-4368-8EBE-33966AD82DCF}
		{B6ADD3C0-CE30-4612-939A-E91B35E4F280} = {7A087A3F-74A3-4179-9AC1-9745FCF54DA6}
		{9B11156E-716A-4368-8EBE-33966AD82DCF} = {7A087A3F-74A3-4179-9AC1-9745FCF54DA6}
		{7460EBD2-C13C-476D-925C-53E7076B118D} = {B6ADD3C0-CE30-4612-939A-E91B35E4F280}
		{E19FD209-020C-4EBF-A115-751D3909454B} = {9B11156E-716A-4368-8EBE-33966AD82DCF}
		{15DFF772-53B5-493E-A957-1756749BBBB8} = {E19FD209-020C-4EBF-A115-751D3909454B}
		{E9FE6A92-B951-4FBF-9233-293289A666B2} = {E19FD209-020C-4EBF-A115-751D3909454B}
		{B3A6B8A1-975D-4AE9-B9A2-A2DD023C5B9C} = {E19FD209-020C-4EBF-A115-751D3909454B}
		{1D18EB1B-7247-45DA-A05D-DE70FB3C386B} = {9B11156E-716A-4368-8EBE-33966AD82DCF}
		{736A25F1-9122-428D-BC4F-1F59108FC2F1} = {1D18EB1B-7247-45DA-A05D-DE70FB3C386B}
		{3B21FA02-626B-4081-ADC6-65ACE749CEC6} = {9B11156E-716A-4368-8EBE-33966AD82DCF}
		{F3BB6FA7-BEBA-4EA6-9E17-679B40A8D3DB} = {3B21FA02-626B-4081-ADC6-65ACE749CEC6}
		{64F7C86C-4A7B-4C88-92BB-0015418CD34A} = {3B21FA02-626B-4081-ADC6-65ACE749CEC6}
		{BE319CF8-38EB-4C52-BB15-CE0C7458F92F} = {3B21FA02-626B-4081-ADC6-65ACE749CEC6}
	EndGlobalSection
	GlobalSection(ExtensibilityGlobals) = postSolution
		SolutionGuid = {A826385D-4F11-4467-B22E-B596B4457C9D}
	EndGlobalSection
EndGlobal
